
Microsoft Visual Studio Solution File, Format Version 12.00
# Visual Studio Version 17
VisualStudioVersion = 17.3.32611.2
MinimumVisualStudioVersion = 10.0.40219.1
Project("{9A19103F-16F7-4668-BE54-9A1E7A4F7556}") = "Saturn.Backend", "Saturn.Backend\Saturn.Backend.csproj", "{146FF5D8-323C-4EA5-954F-7CD8A58C9F28}"
EndProject
Project("{9A19103F-16F7-4668-BE54-9A1E7A4F7556}") = "Saturn.Client", "Saturn.Client\Saturn.Client.csproj", "{9CCD77A2-AE82-41E2-9365-45C5CACAF035}"
EndProject
Project("{FAE04EC0-301F-11D3-BF4B-00C04F79EFBC}") = "Saturn.Launcher", "Saturn.Launcher\Saturn.Launcher.csproj", "{8BB76C34-D7A7-4486-B375-0203C95FA5AC}"
EndProject
Project("{FAE04EC0-301F-11D3-BF4B-00C04F79EFBC}") = "EpicManifestParser", "EpicManifestParser\EpicManifestParser.csproj", "{736A7A2C-141B-4602-8591-24C64893137D}"
EndProject
Project("{FAE04EC0-301F-11D3-BF4B-00C04F79EFBC}") = "Radon.Runtime", "Lang\Compiler\Radon\Radon.Runtime\Radon.Runtime.csproj", "{DA21B981-9571-43C5-ABE5-289C2F3B789B}"
EndProject
Project("{FAE04EC0-301F-11D3-BF4B-00C04F79EFBC}") = "Radon", "Lang\Compiler\Radon\Radon\Radon.csproj", "{68EBB149-F5D6-41D4-899E-0CE98A9264CE}"
EndProject
Global
	GlobalSection(SolutionConfigurationPlatforms) = preSolution
		Debug|Any CPU = Debug|Any CPU
		Debug|x64 = Debug|x64
		Debug|x86 = Debug|x86
		Release|Any CPU = Release|Any CPU
		Release|x64 = Release|x64
		Release|x86 = Release|x86
	EndGlobalSection
	GlobalSection(ProjectConfigurationPlatforms) = postSolution
		{146FF5D8-323C-4EA5-954F-7CD8A58C9F28}.Debug|Any CPU.ActiveCfg = Debug|Any CPU
		{146FF5D8-323C-4EA5-954F-7CD8A58C9F28}.Debug|Any CPU.Build.0 = Debug|Any CPU
		{146FF5D8-323C-4EA5-954F-7CD8A58C9F28}.Debug|x64.ActiveCfg = Debug|Any CPU
		{146FF5D8-323C-4EA5-954F-7CD8A58C9F28}.Debug|x64.Build.0 = Debug|Any CPU
		{146FF5D8-323C-4EA5-954F-7CD8A58C9F28}.Debug|x86.ActiveCfg = Debug|Any CPU
		{146FF5D8-323C-4EA5-954F-7CD8A58C9F28}.Debug|x86.Build.0 = Debug|Any CPU
		{146FF5D8-323C-4EA5-954F-7CD8A58C9F28}.Release|Any CPU.ActiveCfg = Release|Any CPU
		{146FF5D8-323C-4EA5-954F-7CD8A58C9F28}.Release|Any CPU.Build.0 = Release|Any CPU
		{146FF5D8-323C-4EA5-954F-7CD8A58C9F28}.Release|x64.ActiveCfg = Release|Any CPU
		{146FF5D8-323C-4EA5-954F-7CD8A58C9F28}.Release|x64.Build.0 = Release|Any CPU
		{146FF5D8-323C-4EA5-954F-7CD8A58C9F28}.Release|x86.ActiveCfg = Release|Any CPU
		{146FF5D8-323C-4EA5-954F-7CD8A58C9F28}.Release|x86.Build.0 = Release|Any CPU
		{9CCD77A2-AE82-41E2-9365-45C5CACAF035}.Debug|Any CPU.ActiveCfg = Debug|Any CPU
		{9CCD77A2-AE82-41E2-9365-45C5CACAF035}.Debug|Any CPU.Build.0 = Debug|Any CPU
		{9CCD77A2-AE82-41E2-9365-45C5CACAF035}.Debug|x64.ActiveCfg = Debug|Any CPU
		{9CCD77A2-AE82-41E2-9365-45C5CACAF035}.Debug|x64.Build.0 = Debug|Any CPU
		{9CCD77A2-AE82-41E2-9365-45C5CACAF035}.Debug|x86.ActiveCfg = Debug|Any CPU
		{9CCD77A2-AE82-41E2-9365-45C5CACAF035}.Debug|x86.Build.0 = Debug|Any CPU
		{9CCD77A2-AE82-41E2-9365-45C5CACAF035}.Release|Any CPU.ActiveCfg = Release|Any CPU
		{9CCD77A2-AE82-41E2-9365-45C5CACAF035}.Release|Any CPU.Build.0 = Release|Any CPU
		{9CCD77A2-AE82-41E2-9365-45C5CACAF035}.Release|x64.ActiveCfg = Release|Any CPU
		{9CCD77A2-AE82-41E2-9365-45C5CACAF035}.Release|x64.Build.0 = Release|Any CPU
		{9CCD77A2-AE82-41E2-9365-45C5CACAF035}.Release|x86.ActiveCfg = Release|Any CPU
		{9CCD77A2-AE82-41E2-9365-45C5CACAF035}.Release|x86.Build.0 = Release|Any CPU
		{8BB76C34-D7A7-4486-B375-0203C95FA5AC}.Debug|Any CPU.ActiveCfg = Debug|Any CPU
		{8BB76C34-D7A7-4486-B375-0203C95FA5AC}.Debug|Any CPU.Build.0 = Debug|Any CPU
		{8BB76C34-D7A7-4486-B375-0203C95FA5AC}.Debug|x64.ActiveCfg = Debug|Any CPU
		{8BB76C34-D7A7-4486-B375-0203C95FA5AC}.Debug|x64.Build.0 = Debug|Any CPU
		{8BB76C34-D7A7-4486-B375-0203C95FA5AC}.Debug|x86.ActiveCfg = Debug|Any CPU
		{8BB76C34-D7A7-4486-B375-0203C95FA5AC}.Debug|x86.Build.0 = Debug|Any CPU
		{8BB76C34-D7A7-4486-B375-0203C95FA5AC}.Release|Any CPU.ActiveCfg = Release|Any CPU
		{8BB76C34-D7A7-4486-B375-0203C95FA5AC}.Release|Any CPU.Build.0 = Release|Any CPU
		{8BB76C34-D7A7-4486-B375-0203C95FA5AC}.Release|x64.ActiveCfg = Release|Any CPU
		{8BB76C34-D7A7-4486-B375-0203C95FA5AC}.Release|x64.Build.0 = Release|Any CPU
		{8BB76C34-D7A7-4486-B375-0203C95FA5AC}.Release|x86.ActiveCfg = Release|Any CPU
		{8BB76C34-D7A7-4486-B375-0203C95FA5AC}.Release|x86.Build.0 = Release|Any CPU
		{736A7A2C-141B-4602-8591-24C64893137D}.Debug|Any CPU.ActiveCfg = Debug|Any CPU
		{736A7A2C-141B-4602-8591-24C64893137D}.Debug|Any CPU.Build.0 = Debug|Any CPU
		{736A7A2C-141B-4602-8591-24C64893137D}.Debug|x64.ActiveCfg = Debug|Any CPU
		{736A7A2C-141B-4602-8591-24C64893137D}.Debug|x64.Build.0 = Debug|Any CPU
		{736A7A2C-141B-4602-8591-24C64893137D}.Debug|x86.ActiveCfg = Debug|Any CPU
		{736A7A2C-141B-4602-8591-24C64893137D}.Debug|x86.Build.0 = Debug|Any CPU
		{736A7A2C-141B-4602-8591-24C64893137D}.Release|Any CPU.ActiveCfg = Release|Any CPU
		{736A7A2C-141B-4602-8591-24C64893137D}.Release|Any CPU.Build.0 = Release|Any CPU
		{736A7A2C-141B-4602-8591-24C64893137D}.Release|x64.ActiveCfg = Release|Any CPU
		{736A7A2C-141B-4602-8591-24C64893137D}.Release|x64.Build.0 = Release|Any CPU
		{736A7A2C-141B-4602-8591-24C64893137D}.Release|x86.ActiveCfg = Release|Any CPU
		{736A7A2C-141B-4602-8591-24C64893137D}.Release|x86.Build.0 = Release|Any CPU
		{DA21B981-9571-43C5-ABE5-289C2F3B789B}.Debug|Any CPU.ActiveCfg = Debug|Any CPU
		{DA21B981-9571-43C5-ABE5-289C2F3B789B}.Debug|Any CPU.Build.0 = Debug|Any CPU
		{DA21B981-9571-43C5-ABE5-289C2F3B789B}.Debug|x64.ActiveCfg = Debug|Any CPU
		{DA21B981-9571-43C5-ABE5-289C2F3B789B}.Debug|x64.Build.0 = Debug|Any CPU
		{DA21B981-9571-43C5-ABE5-289C2F3B789B}.Debug|x86.ActiveCfg = Debug|Any CPU
		{DA21B981-9571-43C5-ABE5-289C2F3B789B}.Debug|x86.Build.0 = Debug|Any CPU
		{DA21B981-9571-43C5-ABE5-289C2F3B789B}.Release|Any CPU.ActiveCfg = Release|Any CPU
		{DA21B981-9571-43C5-ABE5-289C2F3B789B}.Release|Any CPU.Build.0 = Release|Any CPU
		{DA21B981-9571-43C5-ABE5-289C2F3B789B}.Release|x64.ActiveCfg = Release|Any CPU
		{DA21B981-9571-43C5-ABE5-289C2F3B789B}.Release|x64.Build.0 = Release|Any CPU
		{DA21B981-9571-43C5-ABE5-289C2F3B789B}.Release|x86.ActiveCfg = Release|Any CPU
		{DA21B981-9571-43C5-ABE5-289C2F3B789B}.Release|x86.Build.0 = Release|Any CPU
		{68EBB149-F5D6-41D4-899E-0CE98A9264CE}.Debug|Any CPU.ActiveCfg = Debug|Any CPU
		{68EBB149-F5D6-41D4-899E-0CE98A9264CE}.Debug|Any CPU.Build.0 = Debug|Any CPU
		{68EBB149-F5D6-41D4-899E-0CE98A9264CE}.Debug|x64.ActiveCfg = Debug|Any CPU
		{68EBB149-F5D6-41D4-899E-0CE98A9264CE}.Debug|x64.Build.0 = Debug|Any CPU
		{68EBB149-F5D6-41D4-899E-0CE98A9264CE}.Debug|x86.ActiveCfg = Debug|Any CPU
		{68EBB149-F5D6-41D4-899E-0CE98A9264CE}.Debug|x86.Build.0 = Debug|Any CPU
		{68EBB149-F5D6-41D4-899E-0CE98A9264CE}.Release|Any CPU.ActiveCfg = Release|Any CPU
		{68EBB149-F5D6-41D4-899E-0CE98A9264CE}.Release|Any CPU.Build.0 = Release|Any CPU
		{68EBB149-F5D6-41D4-899E-0CE98A9264CE}.Release|x64.ActiveCfg = Release|Any CPU
		{68EBB149-F5D6-41D4-899E-0CE98A9264CE}.Release|x64.Build.0 = Release|Any CPU
		{68EBB149-F5D6-41D4-899E-0CE98A9264CE}.Release|x86.ActiveCfg = Release|Any CPU
		{68EBB149-F5D6-41D4-899E-0CE98A9264CE}.Release|x86.Build.0 = Release|Any CPU
	EndGlobalSection
	GlobalSection(SolutionProperties) = preSolution
		HideSolutionNode = FALSE
	EndGlobalSection
	GlobalSection(ExtensibilityGlobals) = postSolution
		SolutionGuid = {B9D0FE52-AD59-4FE4-8382-8F4E42657110}
	EndGlobalSection
EndGlobal
