Microsoft Visual Studio Solution File, Format Version 12.00
# Visual Studio Version 17
VisualStudioVersion = 17.1.31911.260
MinimumVisualStudioVersion = 16.0.0.0
Project("{9A19103F-16F7-4668-BE54-9A1E7A4F7556}") = "Saturn.Swapper", "Saturn.Swapper\Saturn.Swapper.csproj", "{D13A233E-3465-42DE-9E65-723332D5BD38}"
EndProject
Project("{FAE04EC0-301F-11D3-BF4B-00C04F79EFBC}") = "Saturn.Swapper.Android", "Saturn.Swapper.Android\Saturn.Swapper.Android.csproj", "{4C244654-F404-4D86-9551-5F6B83A7070D}"
EndProject
Project("{FAE04EC0-301F-11D3-BF4B-00C04F79EFBC}") = "Saturn.Swapper.iOS", "Saturn.Swapper.iOS\Saturn.Swapper.iOS.csproj", "{BE44E9E0-CD53-4BE0-AED9-5D3E43B547A9}"
EndProject
Project("{9A19103F-16F7-4668-BE54-9A1E7A4F7556}") = "Saturn.Swapper.Windows", "Saturn.Swapper.Windows\Saturn.Swapper.Windows.csproj", "{A1DBE9F4-879D-430F-BFC3-1D8CF41AE6ED}"
EndProject
Project("{FAE04EC0-301F-11D3-BF4B-00C04F79EFBC}") = "Saturn.Swapper.macOS", "Saturn.Swapper.macOS\Saturn.Swapper.macOS.csproj", "{874189E9-A563-4D9B-8E72-D3B1081B4537}"
EndProject
Global
	GlobalSection(SolutionConfigurationPlatforms) = preSolution
		Debug|Any CPU = Debug|Any CPU
		Debug|iPhone = Debug|iPhone
		Debug|iPhoneSimulator = Debug|iPhoneSimulator
		Debug|x64 = Debug|x64
		Debug|x86 = Debug|x86
		Release|Any CPU = Release|Any CPU
		Release|iPhone = Release|iPhone
		Release|iPhoneSimulator = Release|iPhoneSimulator
		Release|x64 = Release|x64
		Release|x86 = Release|x86
	EndGlobalSection
	GlobalSection(ProjectConfigurationPlatforms) = postSolution
		{D13A233E-3465-42DE-9E65-723332D5BD38}.Debug|Any CPU.ActiveCfg = Debug|Any CPU
		{D13A233E-3465-42DE-9E65-723332D5BD38}.Debug|Any CPU.Build.0 = Debug|Any CPU
		{D13A233E-3465-42DE-9E65-723332D5BD38}.Debug|iPhone.ActiveCfg = Debug|Any CPU
		{D13A233E-3465-42DE-9E65-723332D5BD38}.Debug|iPhone.Build.0 = Debug|Any CPU
		{D13A233E-3465-42DE-9E65-723332D5BD38}.Debug|iPhoneSimulator.ActiveCfg = Debug|Any CPU
		{D13A233E-3465-42DE-9E65-723332D5BD38}.Debug|iPhoneSimulator.Build.0 = Debug|Any CPU
		{D13A233E-3465-42DE-9E65-723332D5BD38}.Debug|x64.ActiveCfg = Debug|Any CPU
		{D13A233E-3465-42DE-9E65-723332D5BD38}.Debug|x64.Build.0 = Debug|Any CPU
		{D13A233E-3465-42DE-9E65-723332D5BD38}.Debug|x86.ActiveCfg = Debug|Any CPU
		{D13A233E-3465-42DE-9E65-723332D5BD38}.Debug|x86.Build.0 = Debug|Any CPU
		{D13A233E-3465-42DE-9E65-723332D5BD38}.Release|Any CPU.ActiveCfg = Release|Any CPU
		{D13A233E-3465-42DE-9E65-723332D5BD38}.Release|Any CPU.Build.0 = Release|Any CPU
		{D13A233E-3465-42DE-9E65-723332D5BD38}.Release|iPhone.ActiveCfg = Release|Any CPU
		{D13A233E-3465-42DE-9E65-723332D5BD38}.Release|iPhone.Build.0 = Release|Any CPU
		{D13A233E-3465-42DE-9E65-723332D5BD38}.Release|iPhoneSimulator.ActiveCfg = Release|Any CPU
		{D13A233E-3465-42DE-9E65-723332D5BD38}.Release|iPhoneSimulator.Build.0 = Release|Any CPU
		{D13A233E-3465-42DE-9E65-723332D5BD38}.Release|x64.ActiveCfg = Release|Any CPU
		{D13A233E-3465-42DE-9E65-723332D5BD38}.Release|x64.Build.0 = Release|Any CPU
		{D13A233E-3465-42DE-9E65-723332D5BD38}.Release|x86.ActiveCfg = Release|Any CPU
		{D13A233E-3465-42DE-9E65-723332D5BD38}.Release|x86.Build.0 = Release|Any CPU
		{4C244654-F404-4D86-9551-5F6B83A7070D}.Debug|Any CPU.ActiveCfg = Debug|Any CPU
		{4C244654-F404-4D86-9551-5F6B83A7070D}.Debug|Any CPU.Build.0 = Debug|Any CPU
		{4C244654-F404-4D86-9551-5F6B83A7070D}.Debug|Any CPU.Deploy.0 = Debug|Any CPU
		{4C244654-F404-4D86-9551-5F6B83A7070D}.Debug|iPhone.ActiveCfg = Debug|Any CPU
		{4C244654-F404-4D86-9551-5F6B83A7070D}.Debug|iPhone.Build.0 = Debug|Any CPU
		{4C244654-F404-4D86-9551-5F6B83A7070D}.Debug|iPhone.Deploy.0 = Debug|Any CPU
		{4C244654-F404-4D86-9551-5F6B83A7070D}.Debug|iPhoneSimulator.ActiveCfg = Debug|Any CPU
		{4C244654-F404-4D86-9551-5F6B83A7070D}.Debug|iPhoneSimulator.Build.0 = Debug|Any CPU
		{4C244654-F404-4D86-9551-5F6B83A7070D}.Debug|iPhoneSimulator.Deploy.0 = Debug|Any CPU
		{4C244654-F404-4D86-9551-5F6B83A7070D}.Debug|x64.ActiveCfg = Debug|Any CPU
		{4C244654-F404-4D86-9551-5F6B83A7070D}.Debug|x64.Build.0 = Debug|Any CPU
		{4C244654-F404-4D86-9551-5F6B83A7070D}.Debug|x64.Deploy.0 = Debug|Any CPU
		{4C244654-F404-4D86-9551-5F6B83A7070D}.Debug|x86.ActiveCfg = Debug|Any CPU
		{4C244654-F404-4D86-9551-5F6B83A7070D}.Debug|x86.Build.0 = Debug|Any CPU
		{4C244654-F404-4D86-9551-5F6B83A7070D}.Debug|x86.Deploy.0 = Debug|Any CPU
		{4C244654-F404-4D86-9551-5F6B83A7070D}.Release|Any CPU.ActiveCfg = Release|Any CPU
		{4C244654-F404-4D86-9551-5F6B83A7070D}.Release|Any CPU.Build.0 = Release|Any CPU
		{4C244654-F404-4D86-9551-5F6B83A7070D}.Release|Any CPU.Deploy.0 = Release|Any CPU
		{4C244654-F404-4D86-9551-5F6B83A7070D}.Release|iPhone.ActiveCfg = Release|Any CPU
		{4C244654-F404-4D86-9551-5F6B83A7070D}.Release|iPhone.Build.0 = Release|Any CPU
		{4C244654-F404-4D86-9551-5F6B83A7070D}.Release|iPhone.Deploy.0 = Release|Any CPU
		{4C244654-F404-4D86-9551-5F6B83A7070D}.Release|iPhoneSimulator.ActiveCfg = Release|Any CPU
		{4C244654-F404-4D86-9551-5F6B83A7070D}.Release|iPhoneSimulator.Build.0 = Release|Any CPU
		{4C244654-F404-4D86-9551-5F6B83A7070D}.Release|iPhoneSimulator.Deploy.0 = Release|Any CPU
		{4C244654-F404-4D86-9551-5F6B83A7070D}.Release|x64.ActiveCfg = Release|Any CPU
		{4C244654-F404-4D86-9551-5F6B83A7070D}.Release|x64.Build.0 = Release|Any CPU
		{4C244654-F404-4D86-9551-5F6B83A7070D}.Release|x64.Deploy.0 = Release|Any CPU
		{4C244654-F404-4D86-9551-5F6B83A7070D}.Release|x86.ActiveCfg = Release|Any CPU
		{4C244654-F404-4D86-9551-5F6B83A7070D}.Release|x86.Build.0 = Release|Any CPU
		{4C244654-F404-4D86-9551-5F6B83A7070D}.Release|x86.Deploy.0 = Release|Any CPU
		{BE44E9E0-CD53-4BE0-AED9-5D3E43B547A9}.Debug|Any CPU.ActiveCfg = Debug|iPhone
		{BE44E9E0-CD53-4BE0-AED9-5D3E43B547A9}.Debug|iPhone.ActiveCfg = Debug|iPhone
		{BE44E9E0-CD53-4BE0-AED9-5D3E43B547A9}.Debug|iPhone.Build.0 = Debug|iPhone
		{BE44E9E0-CD53-4BE0-AED9-5D3E43B547A9}.Debug|iPhoneSimulator.ActiveCfg = Debug|iPhoneSimulator
		{BE44E9E0-CD53-4BE0-AED9-5D3E43B547A9}.Debug|iPhoneSimulator.Build.0 = Debug|iPhoneSimulator
		{BE44E9E0-CD53-4BE0-AED9-5D3E43B547A9}.Debug|x64.ActiveCfg = Debug|iPhone
		{BE44E9E0-CD53-4BE0-AED9-5D3E43B547A9}.Debug|x86.ActiveCfg = Debug|iPhone
		{BE44E9E0-CD53-4BE0-AED9-5D3E43B547A9}.Release|Any CPU.ActiveCfg = Release|iPhone
		{BE44E9E0-CD53-4BE0-AED9-5D3E43B547A9}.Release|iPhone.ActiveCfg = Release|iPhone
		{BE44E9E0-CD53-4BE0-AED9-5D3E43B547A9}.Release|iPhone.Build.0 = Release|iPhone
		{BE44E9E0-CD53-4BE0-AED9-5D3E43B547A9}.Release|iPhoneSimulator.ActiveCfg = Release|iPhoneSimulator
		{BE44E9E0-CD53-4BE0-AED9-5D3E43B547A9}.Release|iPhoneSimulator.Build.0 = Release|iPhoneSimulator
		{BE44E9E0-CD53-4BE0-AED9-5D3E43B547A9}.Release|x64.ActiveCfg = Release|iPhone
		{BE44E9E0-CD53-4BE0-AED9-5D3E43B547A9}.Release|x86.ActiveCfg = Release|iPhone
		{A1DBE9F4-879D-430F-BFC3-1D8CF41AE6ED}.Debug|Any CPU.ActiveCfg = Debug|Any CPU
		{A1DBE9F4-879D-430F-BFC3-1D8CF41AE6ED}.Debug|Any CPU.Build.0 = Debug|Any CPU
		{A1DBE9F4-879D-430F-BFC3-1D8CF41AE6ED}.Debug|iPhone.ActiveCfg = Debug|Any CPU
		{A1DBE9F4-879D-430F-BFC3-1D8CF41AE6ED}.Debug|iPhone.Build.0 = Debug|Any CPU
		{A1DBE9F4-879D-430F-BFC3-1D8CF41AE6ED}.Debug|iPhoneSimulator.ActiveCfg = Debug|Any CPU
		{A1DBE9F4-879D-430F-BFC3-1D8CF41AE6ED}.Debug|iPhoneSimulator.Build.0 = Debug|Any CPU
		{A1DBE9F4-879D-430F-BFC3-1D8CF41AE6ED}.Debug|x64.ActiveCfg = Debug|Any CPU
		{A1DBE9F4-879D-430F-BFC3-1D8CF41AE6ED}.Debug|x64.Build.0 = Debug|Any CPU
		{A1DBE9F4-879D-430F-BFC3-1D8CF41AE6ED}.Debug|x86.ActiveCfg = Debug|Any CPU
		{A1DBE9F4-879D-430F-BFC3-1D8CF41AE6ED}.Debug|x86.Build.0 = Debug|Any CPU
		{A1DBE9F4-879D-430F-BFC3-1D8CF41AE6ED}.Release|Any CPU.ActiveCfg = Release|Any CPU
		{A1DBE9F4-879D-430F-BFC3-1D8CF41AE6ED}.Release|Any CPU.Build.0 = Release|Any CPU
		{A1DBE9F4-879D-430F-BFC3-1D8CF41AE6ED}.Release|iPhone.ActiveCfg = Release|Any CPU
		{A1DBE9F4-879D-430F-BFC3-1D8CF41AE6ED}.Release|iPhone.Build.0 = Release|Any CPU
		{A1DBE9F4-879D-430F-BFC3-1D8CF41AE6ED}.Release|iPhoneSimulator.ActiveCfg = Release|Any CPU
		{A1DBE9F4-879D-430F-BFC3-1D8CF41AE6ED}.Release|iPhoneSimulator.Build.0 = Release|Any CPU
		{A1DBE9F4-879D-430F-BFC3-1D8CF41AE6ED}.Release|x64.ActiveCfg = Release|Any CPU
		{A1DBE9F4-879D-430F-BFC3-1D8CF41AE6ED}.Release|x64.Build.0 = Release|Any CPU
		{A1DBE9F4-879D-430F-BFC3-1D8CF41AE6ED}.Release|x86.ActiveCfg = Release|Any CPU
		{A1DBE9F4-879D-430F-BFC3-1D8CF41AE6ED}.Release|x86.Build.0 = Release|Any CPU
		{874189E9-A563-4D9B-8E72-D3B1081B4537}.Debug|Any CPU.ActiveCfg = Debug|Any CPU
		{874189E9-A563-4D9B-8E72-D3B1081B4537}.Debug|Any CPU.Build.0 = Debug|Any CPU
		{874189E9-A563-4D9B-8E72-D3B1081B4537}.Debug|iPhone.ActiveCfg = Debug|Any CPU
		{874189E9-A563-4D9B-8E72-D3B1081B4537}.Debug|iPhone.Build.0 = Debug|Any CPU
		{874189E9-A563-4D9B-8E72-D3B1081B4537}.Debug|iPhoneSimulator.ActiveCfg = Debug|Any CPU
		{874189E9-A563-4D9B-8E72-D3B1081B4537}.Debug|iPhoneSimulator.Build.0 = Debug|Any CPU
		{874189E9-A563-4D9B-8E72-D3B1081B4537}.Debug|x64.ActiveCfg = Debug|Any CPU
		{874189E9-A563-4D9B-8E72-D3B1081B4537}.Debug|x64.Build.0 = Debug|Any CPU
		{874189E9-A563-4D9B-8E72-D3B1081B4537}.Debug|x86.ActiveCfg = Debug|Any CPU
		{874189E9-A563-4D9B-8E72-D3B1081B4537}.Debug|x86.Build.0 = Debug|Any CPU
		{874189E9-A563-4D9B-8E72-D3B1081B4537}.Release|Any CPU.ActiveCfg = Release|Any CPU
		{874189E9-A563-4D9B-8E72-D3B1081B4537}.Release|Any CPU.Build.0 = Release|Any CPU
		{874189E9-A563-4D9B-8E72-D3B1081B4537}.Release|iPhone.ActiveCfg = Release|Any CPU
		{874189E9-A563-4D9B-8E72-D3B1081B4537}.Release|iPhone.Build.0 = Release|Any CPU
		{874189E9-A563-4D9B-8E72-D3B1081B4537}.Release|iPhoneSimulator.ActiveCfg = Release|Any CPU
		{874189E9-A563-4D9B-8E72-D3B1081B4537}.Release|iPhoneSimulator.Build.0 = Release|Any CPU
		{874189E9-A563-4D9B-8E72-D3B1081B4537}.Release|x64.ActiveCfg = Release|Any CPU
		{874189E9-A563-4D9B-8E72-D3B1081B4537}.Release|x64.Build.0 = Release|Any CPU
		{874189E9-A563-4D9B-8E72-D3B1081B4537}.Release|x86.ActiveCfg = Release|Any CPU
		{874189E9-A563-4D9B-8E72-D3B1081B4537}.Release|x86.Build.0 = Release|Any CPU
	EndGlobalSection
	GlobalSection(SolutionProperties) = preSolution
		HideSolutionNode = FALSE
	EndGlobalSection
	GlobalSection(ExtensibilityGlobals) = postSolution
		SolutionGuid = {ED6EE8BD-3FD9-43B5-8DBC-8227528C134B}
	EndGlobalSection
EndGlobal
