
Microsoft Visual Studio Solution File, Format Version 12.00
Project("{FAE04EC0-301F-11D3-BF4B-00C04F79EFBC}") = "Radon", "Radon\Radon.csproj", "{E1E59C37-E3BB-47A6-B318-EF9E9DC4DACA}"
EndProject
Project("{FAE04EC0-301F-11D3-BF4B-00C04F79EFBC}") = "Radon.Generator", "Radon.Generator\Radon.Generator.csproj", "{9ECFE416-D233-4872-B4B7-25F36B8959C7}"
EndProject
Project("{FAE04EC0-301F-11D3-BF4B-00C04F79EFBC}") = "Radon.Runtime", "Radon.Runtime\Radon.Runtime.csproj", "{7D0A7E7D-3769-4C89-BE81-69EF991E4767}"
EndProject
Project("{FAE04EC0-301F-11D3-BF4B-00C04F79EFBC}") = "Radon.Repl", "Radon.Repl\Radon.Repl.csproj", "{583BA67B-858D-4B39-B50F-332EC3EB2AB3}"
EndProject
Project("{FAE04EC0-301F-11D3-BF4B-00C04F79EFBC}") = "ILViewer", "ILViewer\ILViewer.csproj", "{72970DF3-0C6E-4086-ABCC-8315DC11DE20}"
EndProject
Project("{FAE04EC0-301F-11D3-BF4B-00C04F79EFBC}") = "Radon.Ide.Backend", "Radon.Ide.Backend\Radon.Ide.Backend.csproj", "{8E4B5D5C-3EC1-458B-B49F-8C90946B569E}"
EndProject
Project("{FAE04EC0-301F-11D3-BF4B-00C04F79EFBC}") = "Radon.Ide", "Radon.Ide\Radon.Ide.csproj", "{EFD2E2F2-D84F-4A41-8640-30F4D6E97147}"
EndProject
Global
	GlobalSection(SolutionConfigurationPlatforms) = preSolution
		Debug|Any CPU = Debug|Any CPU
		Release|Any CPU = Release|Any CPU
	EndGlobalSection
	GlobalSection(ProjectConfigurationPlatforms) = postSolution
		{E1E59C37-E3BB-47A6-B318-EF9E9DC4DACA}.Debug|Any CPU.ActiveCfg = Debug|Any CPU
		{E1E59C37-E3BB-47A6-B318-EF9E9DC4DACA}.Debug|Any CPU.Build.0 = Debug|Any CPU
		{E1E59C37-E3BB-47A6-B318-EF9E9DC4DACA}.Release|Any CPU.ActiveCfg = Release|Any CPU
		{E1E59C37-E3BB-47A6-B318-EF9E9DC4DACA}.Release|Any CPU.Build.0 = Release|Any CPU
		{9ECFE416-D233-4872-B4B7-25F36B8959C7}.Debug|Any CPU.ActiveCfg = Debug|Any CPU
		{9ECFE416-D233-4872-B4B7-25F36B8959C7}.Debug|Any CPU.Build.0 = Debug|Any CPU
		{9ECFE416-D233-4872-B4B7-25F36B8959C7}.Release|Any CPU.ActiveCfg = Release|Any CPU
		{9ECFE416-D233-4872-B4B7-25F36B8959C7}.Release|Any CPU.Build.0 = Release|Any CPU
		{7D0A7E7D-3769-4C89-BE81-69EF991E4767}.Debug|Any CPU.ActiveCfg = Debug|Any CPU
		{7D0A7E7D-3769-4C89-BE81-69EF991E4767}.Debug|Any CPU.Build.0 = Debug|Any CPU
		{7D0A7E7D-3769-4C89-BE81-69EF991E4767}.Release|Any CPU.ActiveCfg = Release|Any CPU
		{7D0A7E7D-3769-4C89-BE81-69EF991E4767}.Release|Any CPU.Build.0 = Release|Any CPU
		{583BA67B-858D-4B39-B50F-332EC3EB2AB3}.Debug|Any CPU.ActiveCfg = Debug|Any CPU
		{583BA67B-858D-4B39-B50F-332EC3EB2AB3}.Debug|Any CPU.Build.0 = Debug|Any CPU
		{583BA67B-858D-4B39-B50F-332EC3EB2AB3}.Release|Any CPU.ActiveCfg = Release|Any CPU
		{583BA67B-858D-4B39-B50F-332EC3EB2AB3}.Release|Any CPU.Build.0 = Release|Any CPU
		{72970DF3-0C6E-4086-ABCC-8315DC11DE20}.Debug|Any CPU.ActiveCfg = Debug|Any CPU
		{72970DF3-0C6E-4086-ABCC-8315DC11DE20}.Debug|Any CPU.Build.0 = Debug|Any CPU
		{72970DF3-0C6E-4086-ABCC-8315DC11DE20}.Release|Any CPU.ActiveCfg = Release|Any CPU
		{72970DF3-0C6E-4086-ABCC-8315DC11DE20}.Release|Any CPU.Build.0 = Release|Any CPU
		{8E4B5D5C-3EC1-458B-B49F-8C90946B569E}.Debug|Any CPU.ActiveCfg = Debug|Any CPU
		{8E4B5D5C-3EC1-458B-B49F-8C90946B569E}.Debug|Any CPU.Build.0 = Debug|Any CPU
		{8E4B5D5C-3EC1-458B-B49F-8C90946B569E}.Release|Any CPU.ActiveCfg = Release|Any CPU
		{8E4B5D5C-3EC1-458B-B49F-8C90946B569E}.Release|Any CPU.Build.0 = Release|Any CPU
		{EFD2E2F2-D84F-4A41-8640-30F4D6E97147}.Debug|Any CPU.ActiveCfg = Debug|Any CPU
		{EFD2E2F2-D84F-4A41-8640-30F4D6E97147}.Debug|Any CPU.Build.0 = Debug|Any CPU
		{EFD2E2F2-D84F-4A41-8640-30F4D6E97147}.Release|Any CPU.ActiveCfg = Release|Any CPU
		{EFD2E2F2-D84F-4A41-8640-30F4D6E97147}.Release|Any CPU.Build.0 = Release|Any CPU
	EndGlobalSection
EndGlobal
